// !$*UTF8*$!
{
	archiveVersion = 1;
	classes = {
	};
	objectVersion = 55;
	objects = {

/* Begin PBXBuildFile section */
		B711EC6027686C86005223A2 /* Util.swift in Sources */ = {isa = PBXBuildFile; fileRef = B711EC5F27686C86005223A2 /* Util.swift */; };
		B711EC652769BD7E005223A2 /* XCGLogger in Frameworks */ = {isa = PBXBuildFile; productRef = B711EC642769BD7E005223A2 /* XCGLogger */; };
		B72509AC275DE50D00858384 /* Pin.swift in Sources */ = {isa = PBXBuildFile; fileRef = B72509AB275DE50D00858384 /* Pin.swift */; };
		B72509B0275DE68B00858384 /* PinsModel.swift in Sources */ = {isa = PBXBuildFile; fileRef = B72509AF275DE68B00858384 /* PinsModel.swift */; };
		B72509B5275DF43C00858384 /* GoogleSignIn in Frameworks */ = {isa = PBXBuildFile; productRef = B72509B4275DF43C00858384 /* GoogleSignIn */; };
		B72509B7275F2E0800858384 /* AuthService.swift in Sources */ = {isa = PBXBuildFile; fileRef = B72509B6275F2E0800858384 /* AuthService.swift */; };
		B72509BB275F2E3900858384 /* FirestoreService.swift in Sources */ = {isa = PBXBuildFile; fileRef = B72509BA275F2E3900858384 /* FirestoreService.swift */; };
		B72509BF275F2E4200858384 /* RootView.swift in Sources */ = {isa = PBXBuildFile; fileRef = B72509BE275F2E4200858384 /* RootView.swift */; };
		B72509C3275F2E8E00858384 /* LoginView.swift in Sources */ = {isa = PBXBuildFile; fileRef = B72509C2275F2E8E00858384 /* LoginView.swift */; };
		B75B469F275B3FC700923DE1 /* AppMain.swift in Sources */ = {isa = PBXBuildFile; fileRef = B75B469E275B3FC700923DE1 /* AppMain.swift */; };
		B75B46A1275B3FC700923DE1 /* PinListView.swift in Sources */ = {isa = PBXBuildFile; fileRef = B75B46A0275B3FC700923DE1 /* PinListView.swift */; };
		B75B46A3275B3FC900923DE1 /* Assets.xcassets in Resources */ = {isa = PBXBuildFile; fileRef = B75B46A2275B3FC900923DE1 /* Assets.xcassets */; };
		B75B46A6275B3FC900923DE1 /* Preview Assets.xcassets in Resources */ = {isa = PBXBuildFile; fileRef = B75B46A5275B3FC900923DE1 /* Preview Assets.xcassets */; };
		B75B46CA275B493D00923DE1 /* FirebaseAnalytics in Frameworks */ = {isa = PBXBuildFile; productRef = B75B46C9275B493D00923DE1 /* FirebaseAnalytics */; };
		B75B46CC275B493D00923DE1 /* FirebaseAuth in Frameworks */ = {isa = PBXBuildFile; productRef = B75B46CB275B493D00923DE1 /* FirebaseAuth */; };
		B75B46CE275B493D00923DE1 /* FirebaseFirestore in Frameworks */ = {isa = PBXBuildFile; productRef = B75B46CD275B493D00923DE1 /* FirebaseFirestore */; };
		B77305562767184500BA1EE4 /* GoogleService-Info.plist in Resources */ = {isa = PBXBuildFile; fileRef = B77305552767184500BA1EE4 /* GoogleService-Info.plist */; };
		B7856B9627704C3400A87DDA /* User.swift in Sources */ = {isa = PBXBuildFile; fileRef = B7856B9527704C3400A87DDA /* User.swift */; };
		B7856B99277457A200A87DDA /* FirebaseAuthCombine-Community in Frameworks */ = {isa = PBXBuildFile; productRef = B7856B98277457A200A87DDA /* FirebaseAuthCombine-Community */; };
		B7856B9B277457A200A87DDA /* FirebaseFirestoreCombine-Community in Frameworks */ = {isa = PBXBuildFile; productRef = B7856B9A277457A200A87DDA /* FirebaseFirestoreCombine-Community */; };
		B7856B9D277457AB00A87DDA /* FirebaseFirestoreSwift-Beta in Frameworks */ = {isa = PBXBuildFile; productRef = B7856B9C277457AB00A87DDA /* FirebaseFirestoreSwift-Beta */; };
		B7856B9F278D4EC200A87DDA /* preview-pins.json in Resources */ = {isa = PBXBuildFile; fileRef = B7856B9E278D4EC200A87DDA /* preview-pins.json */; };
/* End PBXBuildFile section */

/* Begin PBXFileReference section */
		B711EC5F27686C86005223A2 /* Util.swift */ = {isa = PBXFileReference; lastKnownFileType = sourcecode.swift; path = Util.swift; sourceTree = "<group>"; };
		B72509AB275DE50D00858384 /* Pin.swift */ = {isa = PBXFileReference; lastKnownFileType = sourcecode.swift; path = Pin.swift; sourceTree = "<group>"; };
		B72509AF275DE68B00858384 /* PinsModel.swift */ = {isa = PBXFileReference; lastKnownFileType = sourcecode.swift; path = PinsModel.swift; sourceTree = "<group>"; };
		B72509B6275F2E0800858384 /* AuthService.swift */ = {isa = PBXFileReference; lastKnownFileType = sourcecode.swift; path = AuthService.swift; sourceTree = "<group>"; };
		B72509BA275F2E3900858384 /* FirestoreService.swift */ = {isa = PBXFileReference; lastKnownFileType = sourcecode.swift; path = FirestoreService.swift; sourceTree = "<group>"; };
		B72509BE275F2E4200858384 /* RootView.swift */ = {isa = PBXFileReference; lastKnownFileType = sourcecode.swift; path = RootView.swift; sourceTree = "<group>"; };
		B72509C2275F2E8E00858384 /* LoginView.swift */ = {isa = PBXFileReference; lastKnownFileType = sourcecode.swift; path = LoginView.swift; sourceTree = "<group>"; };
		B72509C927607F0E00858384 /* Info.plist */ = {isa = PBXFileReference; lastKnownFileType = text.plist; path = Info.plist; sourceTree = "<group>"; };
		B75B469B275B3FC700923DE1 /* Stacks.app */ = {isa = PBXFileReference; explicitFileType = wrapper.application; includeInIndex = 0; path = Stacks.app; sourceTree = BUILT_PRODUCTS_DIR; };
		B75B469E275B3FC700923DE1 /* AppMain.swift */ = {isa = PBXFileReference; lastKnownFileType = sourcecode.swift; path = AppMain.swift; sourceTree = "<group>"; };
		B75B46A0275B3FC700923DE1 /* PinListView.swift */ = {isa = PBXFileReference; lastKnownFileType = sourcecode.swift; path = PinListView.swift; sourceTree = "<group>"; };
		B75B46A2275B3FC900923DE1 /* Assets.xcassets */ = {isa = PBXFileReference; lastKnownFileType = folder.assetcatalog; path = Assets.xcassets; sourceTree = "<group>"; };
		B75B46A5275B3FC900923DE1 /* Preview Assets.xcassets */ = {isa = PBXFileReference; lastKnownFileType = folder.assetcatalog; path = "Preview Assets.xcassets"; sourceTree = "<group>"; };
		B77305552767184500BA1EE4 /* GoogleService-Info.plist */ = {isa = PBXFileReference; fileEncoding = 4; lastKnownFileType = text.plist.xml; path = "GoogleService-Info.plist"; sourceTree = "<group>"; };
		B7856B9527704C3400A87DDA /* User.swift */ = {isa = PBXFileReference; lastKnownFileType = sourcecode.swift; path = User.swift; sourceTree = "<group>"; };
		B7856B9E278D4EC200A87DDA /* preview-pins.json */ = {isa = PBXFileReference; fileEncoding = 4; lastKnownFileType = text.json; path = "preview-pins.json"; sourceTree = "<group>"; };
/* End PBXFileReference section */

/* Begin PBXFrameworksBuildPhase section */
		B75B4698275B3FC700923DE1 /* Frameworks */ = {
			isa = PBXFrameworksBuildPhase;
			buildActionMask = 2147483647;
			files = (
				B75B46CA275B493D00923DE1 /* FirebaseAnalytics in Frameworks */,
				B7856B99277457A200A87DDA /* FirebaseAuthCombine-Community in Frameworks */,
				B72509B5275DF43C00858384 /* GoogleSignIn in Frameworks */,
				B75B46CC275B493D00923DE1 /* FirebaseAuth in Frameworks */,
				B75B46CE275B493D00923DE1 /* FirebaseFirestore in Frameworks */,
				B7856B9D277457AB00A87DDA /* FirebaseFirestoreSwift-Beta in Frameworks */,
				B711EC652769BD7E005223A2 /* XCGLogger in Frameworks */,
				B7856B9B277457A200A87DDA /* FirebaseFirestoreCombine-Community in Frameworks */,
			);
			runOnlyForDeploymentPostprocessing = 0;
		};
/* End PBXFrameworksBuildPhase section */

/* Begin PBXGroup section */
		B75B4692275B3FC700923DE1 = {
			isa = PBXGroup;
			children = (
				B77305552767184500BA1EE4 /* GoogleService-Info.plist */,
				B75B469D275B3FC700923DE1 /* Stacks */,
				B75B469C275B3FC700923DE1 /* Products */,
				B7856B97277457A200A87DDA /* Frameworks */,
			);
			sourceTree = "<group>";
		};
		B75B469C275B3FC700923DE1 /* Products */ = {
			isa = PBXGroup;
			children = (
				B75B469B275B3FC700923DE1 /* Stacks.app */,
			);
			name = Products;
			sourceTree = "<group>";
		};
		B75B469D275B3FC700923DE1 /* Stacks */ = {
			isa = PBXGroup;
			children = (
				B72509C927607F0E00858384 /* Info.plist */,
				B75B469E275B3FC700923DE1 /* AppMain.swift */,
				B72509AB275DE50D00858384 /* Pin.swift */,
				B72509AF275DE68B00858384 /* PinsModel.swift */,
				B72509B6275F2E0800858384 /* AuthService.swift */,
				B7856B9527704C3400A87DDA /* User.swift */,
				B711EC5F27686C86005223A2 /* Util.swift */,
				B72509BA275F2E3900858384 /* FirestoreService.swift */,
				B72509BE275F2E4200858384 /* RootView.swift */,
				B72509C2275F2E8E00858384 /* LoginView.swift */,
				B75B46A0275B3FC700923DE1 /* PinListView.swift */,
				B75B46A2275B3FC900923DE1 /* Assets.xcassets */,
				B75B46A4275B3FC900923DE1 /* Preview Content */,
			);
			path = Stacks;
			sourceTree = "<group>";
		};
		B75B46A4275B3FC900923DE1 /* Preview Content */ = {
			isa = PBXGroup;
			children = (
				B7856B9E278D4EC200A87DDA /* preview-pins.json */,
				B75B46A5275B3FC900923DE1 /* Preview Assets.xcassets */,
			);
			path = "Preview Content";
			sourceTree = "<group>";
		};
		B7856B97277457A200A87DDA /* Frameworks */ = {
			isa = PBXGroup;
			children = (
			);
			name = Frameworks;
			sourceTree = "<group>";
		};
/* End PBXGroup section */

/* Begin PBXNativeTarget section */
		B75B469A275B3FC700923DE1 /* Stacks */ = {
			isa = PBXNativeTarget;
			buildConfigurationList = B75B46BF275B3FC900923DE1 /* Build configuration list for PBXNativeTarget "Stacks" */;
			buildPhases = (
				B75B4697275B3FC700923DE1 /* Sources */,
				B75B4698275B3FC700923DE1 /* Frameworks */,
				B75B4699275B3FC700923DE1 /* Resources */,
			);
			buildRules = (
			);
			dependencies = (
			);
			name = Stacks;
			packageProductDependencies = (
				B75B46C9275B493D00923DE1 /* FirebaseAnalytics */,
				B75B46CB275B493D00923DE1 /* FirebaseAuth */,
				B75B46CD275B493D00923DE1 /* FirebaseFirestore */,
				B72509B4275DF43C00858384 /* GoogleSignIn */,
				B711EC642769BD7E005223A2 /* XCGLogger */,
				B7856B98277457A200A87DDA /* FirebaseAuthCombine-Community */,
				B7856B9A277457A200A87DDA /* FirebaseFirestoreCombine-Community */,
				B7856B9C277457AB00A87DDA /* FirebaseFirestoreSwift-Beta */,
			);
			productName = Stacks;
			productReference = B75B469B275B3FC700923DE1 /* Stacks.app */;
			productType = "com.apple.product-type.application";
		};
/* End PBXNativeTarget section */

/* Begin PBXProject section */
		B75B4693275B3FC700923DE1 /* Project object */ = {
			isa = PBXProject;
			attributes = {
				BuildIndependentTargetsInParallel = 1;
				LastSwiftUpdateCheck = 1310;
				LastUpgradeCheck = 1310;
				TargetAttributes = {
					B75B469A275B3FC700923DE1 = {
						CreatedOnToolsVersion = 13.1;
					};
				};
			};
			buildConfigurationList = B75B4696275B3FC700923DE1 /* Build configuration list for PBXProject "Stacks" */;
			compatibilityVersion = "Xcode 13.0";
			developmentRegion = en;
			hasScannedForEncodings = 0;
			knownRegions = (
				en,
				Base,
			);
			mainGroup = B75B4692275B3FC700923DE1;
			packageReferences = (
				B75B46C8275B493D00923DE1 /* XCRemoteSwiftPackageReference "firebase-ios-sdk" */,
				B72509B3275DF43B00858384 /* XCRemoteSwiftPackageReference "GoogleSignIn-iOS" */,
				B711EC632769BD7D005223A2 /* XCRemoteSwiftPackageReference "XCGLogger" */,
			);
			productRefGroup = B75B469C275B3FC700923DE1 /* Products */;
			projectDirPath = "";
			projectRoot = "";
			targets = (
				B75B469A275B3FC700923DE1 /* Stacks */,
			);
		};
/* End PBXProject section */

/* Begin PBXResourcesBuildPhase section */
		B75B4699275B3FC700923DE1 /* Resources */ = {
			isa = PBXResourcesBuildPhase;
			buildActionMask = 2147483647;
			files = (
				B75B46A6275B3FC900923DE1 /* Preview Assets.xcassets in Resources */,
				B75B46A3275B3FC900923DE1 /* Assets.xcassets in Resources */,
				B7856B9F278D4EC200A87DDA /* preview-pins.json in Resources */,
				B77305562767184500BA1EE4 /* GoogleService-Info.plist in Resources */,
			);
			runOnlyForDeploymentPostprocessing = 0;
		};
/* End PBXResourcesBuildPhase section */

/* Begin PBXSourcesBuildPhase section */
		B75B4697275B3FC700923DE1 /* Sources */ = {
			isa = PBXSourcesBuildPhase;
			buildActionMask = 2147483647;
			files = (
				B72509B7275F2E0800858384 /* AuthService.swift in Sources */,
				B711EC6027686C86005223A2 /* Util.swift in Sources */,
				B72509BB275F2E3900858384 /* FirestoreService.swift in Sources */,
				B72509B0275DE68B00858384 /* PinsModel.swift in Sources */,
				B72509AC275DE50D00858384 /* Pin.swift in Sources */,
				B72509BF275F2E4200858384 /* RootView.swift in Sources */,
				B75B46A1275B3FC700923DE1 /* PinListView.swift in Sources */,
				B7856B9627704C3400A87DDA /* User.swift in Sources */,
				B72509C3275F2E8E00858384 /* LoginView.swift in Sources */,
				B75B469F275B3FC700923DE1 /* AppMain.swift in Sources */,
			);
			runOnlyForDeploymentPostprocessing = 0;
		};
/* End PBXSourcesBuildPhase section */

/* Begin XCBuildConfiguration section */
		B75B46BD275B3FC900923DE1 /* Debug */ = {
			isa = XCBuildConfiguration;
			buildSettings = {
				ALWAYS_SEARCH_USER_PATHS = NO;
				CLANG_ANALYZER_NONNULL = YES;
				CLANG_ANALYZER_NUMBER_OBJECT_CONVERSION = YES_AGGRESSIVE;
				CLANG_CXX_LANGUAGE_STANDARD = "gnu++17";
				CLANG_CXX_LIBRARY = "libc++";
				CLANG_ENABLE_MODULES = YES;
				CLANG_ENABLE_OBJC_ARC = YES;
				CLANG_ENABLE_OBJC_WEAK = YES;
				CLANG_WARN_BLOCK_CAPTURE_AUTORELEASING = YES;
				CLANG_WARN_BOOL_CONVERSION = YES;
				CLANG_WARN_COMMA = YES;
				CLANG_WARN_CONSTANT_CONVERSION = YES;
				CLANG_WARN_DEPRECATED_OBJC_IMPLEMENTATIONS = YES;
				CLANG_WARN_DIRECT_OBJC_ISA_USAGE = YES_ERROR;
				CLANG_WARN_DOCUMENTATION_COMMENTS = YES;
				CLANG_WARN_EMPTY_BODY = YES;
				CLANG_WARN_ENUM_CONVERSION = YES;
				CLANG_WARN_INFINITE_RECURSION = YES;
				CLANG_WARN_INT_CONVERSION = YES;
				CLANG_WARN_NON_LITERAL_NULL_CONVERSION = YES;
				CLANG_WARN_OBJC_IMPLICIT_RETAIN_SELF = YES;
				CLANG_WARN_OBJC_LITERAL_CONVERSION = YES;
				CLANG_WARN_OBJC_ROOT_CLASS = YES_ERROR;
				CLANG_WARN_QUOTED_INCLUDE_IN_FRAMEWORK_HEADER = YES;
				CLANG_WARN_RANGE_LOOP_ANALYSIS = YES;
				CLANG_WARN_STRICT_PROTOTYPES = YES;
				CLANG_WARN_SUSPICIOUS_MOVE = YES;
				CLANG_WARN_UNGUARDED_AVAILABILITY = YES_AGGRESSIVE;
				CLANG_WARN_UNREACHABLE_CODE = YES;
				CLANG_WARN__DUPLICATE_METHOD_MATCH = YES;
				COPY_PHASE_STRIP = NO;
				DEBUG_INFORMATION_FORMAT = dwarf;
				ENABLE_STRICT_OBJC_MSGSEND = YES;
				ENABLE_TESTABILITY = YES;
				GCC_C_LANGUAGE_STANDARD = gnu11;
				GCC_DYNAMIC_NO_PIC = NO;
				GCC_NO_COMMON_BLOCKS = YES;
				GCC_OPTIMIZATION_LEVEL = 0;
				GCC_PREPROCESSOR_DEFINITIONS = (
					"DEBUG=1",
					"$(inherited)",
				);
				GCC_WARN_64_TO_32_BIT_CONVERSION = YES;
				GCC_WARN_ABOUT_RETURN_TYPE = YES_ERROR;
				GCC_WARN_UNDECLARED_SELECTOR = YES;
				GCC_WARN_UNINITIALIZED_AUTOS = YES_AGGRESSIVE;
				GCC_WARN_UNUSED_FUNCTION = YES;
				GCC_WARN_UNUSED_VARIABLE = YES;
				IPHONEOS_DEPLOYMENT_TARGET = 15.0;
				MTL_ENABLE_DEBUG_INFO = INCLUDE_SOURCE;
				MTL_FAST_MATH = YES;
				ONLY_ACTIVE_ARCH = YES;
				SDKROOT = iphoneos;
				SWIFT_ACTIVE_COMPILATION_CONDITIONS = DEBUG;
				SWIFT_OPTIMIZATION_LEVEL = "-Onone";
			};
			name = Debug;
		};
		B75B46BE275B3FC900923DE1 /* Release */ = {
			isa = XCBuildConfiguration;
			buildSettings = {
				ALWAYS_SEARCH_USER_PATHS = NO;
				CLANG_ANALYZER_NONNULL = YES;
				CLANG_ANALYZER_NUMBER_OBJECT_CONVERSION = YES_AGGRESSIVE;
				CLANG_CXX_LANGUAGE_STANDARD = "gnu++17";
				CLANG_CXX_LIBRARY = "libc++";
				CLANG_ENABLE_MODULES = YES;
				CLANG_ENABLE_OBJC_ARC = YES;
				CLANG_ENABLE_OBJC_WEAK = YES;
				CLANG_WARN_BLOCK_CAPTURE_AUTORELEASING = YES;
				CLANG_WARN_BOOL_CONVERSION = YES;
				CLANG_WARN_COMMA = YES;
				CLANG_WARN_CONSTANT_CONVERSION = YES;
				CLANG_WARN_DEPRECATED_OBJC_IMPLEMENTATIONS = YES;
				CLANG_WARN_DIRECT_OBJC_ISA_USAGE = YES_ERROR;
				CLANG_WARN_DOCUMENTATION_COMMENTS = YES;
				CLANG_WARN_EMPTY_BODY = YES;
				CLANG_WARN_ENUM_CONVERSION = YES;
				CLANG_WARN_INFINITE_RECURSION = YES;
				CLANG_WARN_INT_CONVERSION = YES;
				CLANG_WARN_NON_LITERAL_NULL_CONVERSION = YES;
				CLANG_WARN_OBJC_IMPLICIT_RETAIN_SELF = YES;
				CLANG_WARN_OBJC_LITERAL_CONVERSION = YES;
				CLANG_WARN_OBJC_ROOT_CLASS = YES_ERROR;
				CLANG_WARN_QUOTED_INCLUDE_IN_FRAMEWORK_HEADER = YES;
				CLANG_WARN_RANGE_LOOP_ANALYSIS = YES;
				CLANG_WARN_STRICT_PROTOTYPES = YES;
				CLANG_WARN_SUSPICIOUS_MOVE = YES;
				CLANG_WARN_UNGUARDED_AVAILABILITY = YES_AGGRESSIVE;
				CLANG_WARN_UNREACHABLE_CODE = YES;
				CLANG_WARN__DUPLICATE_METHOD_MATCH = YES;
				COPY_PHASE_STRIP = NO;
				DEBUG_INFORMATION_FORMAT = "dwarf-with-dsym";
				ENABLE_NS_ASSERTIONS = NO;
				ENABLE_STRICT_OBJC_MSGSEND = YES;
				GCC_C_LANGUAGE_STANDARD = gnu11;
				GCC_NO_COMMON_BLOCKS = YES;
				GCC_WARN_64_TO_32_BIT_CONVERSION = YES;
				GCC_WARN_ABOUT_RETURN_TYPE = YES_ERROR;
				GCC_WARN_UNDECLARED_SELECTOR = YES;
				GCC_WARN_UNINITIALIZED_AUTOS = YES_AGGRESSIVE;
				GCC_WARN_UNUSED_FUNCTION = YES;
				GCC_WARN_UNUSED_VARIABLE = YES;
				IPHONEOS_DEPLOYMENT_TARGET = 15.0;
				MTL_ENABLE_DEBUG_INFO = NO;
				MTL_FAST_MATH = YES;
				SDKROOT = iphoneos;
				SWIFT_COMPILATION_MODE = wholemodule;
				SWIFT_OPTIMIZATION_LEVEL = "-O";
				VALIDATE_PRODUCT = YES;
			};
			name = Release;
		};
		B75B46C0275B3FC900923DE1 /* Debug */ = {
			isa = XCBuildConfiguration;
			buildSettings = {
				ASSETCATALOG_COMPILER_APPICON_NAME = AppIcon;
				ASSETCATALOG_COMPILER_GLOBAL_ACCENT_COLOR_NAME = AccentColor;
				CODE_SIGN_STYLE = Automatic;
				CURRENT_PROJECT_VERSION = 1;
				DEVELOPMENT_ASSET_PATHS = "\"Stacks/Preview Content\"";
				DEVELOPMENT_TEAM = 6S8S88RYPG;
				ENABLE_PREVIEWS = YES;
				GENERATE_INFOPLIST_FILE = YES;
				INFOPLIST_FILE = Stacks/Info.plist;
				INFOPLIST_KEY_UIApplicationSceneManifest_Generation = YES;
				INFOPLIST_KEY_UIApplicationSupportsIndirectInputEvents = YES;
				INFOPLIST_KEY_UILaunchScreen_Generation = YES;
				INFOPLIST_KEY_UISupportedInterfaceOrientations_iPad = "UIInterfaceOrientationPortrait UIInterfaceOrientationPortraitUpsideDown UIInterfaceOrientationLandscapeLeft UIInterfaceOrientationLandscapeRight";
				INFOPLIST_KEY_UISupportedInterfaceOrientations_iPhone = "UIInterfaceOrientationPortrait UIInterfaceOrientationLandscapeLeft UIInterfaceOrientationLandscapeRight";
				LD_RUNPATH_SEARCH_PATHS = (
					"$(inherited)",
					"@executable_path/Frameworks",
				);
				MARKETING_VERSION = 1.0;
				PRODUCT_BUNDLE_IDENTIFIER = org.jdanbrown.Stacks;
				PRODUCT_NAME = "$(TARGET_NAME)";
				SWIFT_EMIT_LOC_STRINGS = YES;
				SWIFT_VERSION = 5.0;
				TARGETED_DEVICE_FAMILY = "1,2";
			};
			name = Debug;
		};
		B75B46C1275B3FC900923DE1 /* Release */ = {
			isa = XCBuildConfiguration;
			buildSettings = {
				ASSETCATALOG_COMPILER_APPICON_NAME = AppIcon;
				ASSETCATALOG_COMPILER_GLOBAL_ACCENT_COLOR_NAME = AccentColor;
				CODE_SIGN_STYLE = Automatic;
				CURRENT_PROJECT_VERSION = 1;
				DEVELOPMENT_ASSET_PATHS = "\"Stacks/Preview Content\"";
				DEVELOPMENT_TEAM = 6S8S88RYPG;
				ENABLE_PREVIEWS = YES;
				GENERATE_INFOPLIST_FILE = YES;
				INFOPLIST_FILE = Stacks/Info.plist;
				INFOPLIST_KEY_UIApplicationSceneManifest_Generation = YES;
				INFOPLIST_KEY_UIApplicationSupportsIndirectInputEvents = YES;
				INFOPLIST_KEY_UILaunchScreen_Generation = YES;
				INFOPLIST_KEY_UISupportedInterfaceOrientations_iPad = "UIInterfaceOrientationPortrait UIInterfaceOrientationPortraitUpsideDown UIInterfaceOrientationLandscapeLeft UIInterfaceOrientationLandscapeRight";
				INFOPLIST_KEY_UISupportedInterfaceOrientations_iPhone = "UIInterfaceOrientationPortrait UIInterfaceOrientationLandscapeLeft UIInterfaceOrientationLandscapeRight";
				LD_RUNPATH_SEARCH_PATHS = (
					"$(inherited)",
					"@executable_path/Frameworks",
				);
				MARKETING_VERSION = 1.0;
				PRODUCT_BUNDLE_IDENTIFIER = org.jdanbrown.Stacks;
				PRODUCT_NAME = "$(TARGET_NAME)";
				SWIFT_EMIT_LOC_STRINGS = YES;
				SWIFT_VERSION = 5.0;
				TARGETED_DEVICE_FAMILY = "1,2";
			};
			name = Release;
		};
/* End XCBuildConfiguration section */

/* Begin XCConfigurationList section */
		B75B4696275B3FC700923DE1 /* Build configuration list for PBXProject "Stacks" */ = {
			isa = XCConfigurationList;
			buildConfigurations = (
				B75B46BD275B3FC900923DE1 /* Debug */,
				B75B46BE275B3FC900923DE1 /* Release */,
			);
			defaultConfigurationIsVisible = 0;
			defaultConfigurationName = Release;
		};
		B75B46BF275B3FC900923DE1 /* Build configuration list for PBXNativeTarget "Stacks" */ = {
			isa = XCConfigurationList;
			buildConfigurations = (
				B75B46C0275B3FC900923DE1 /* Debug */,
				B75B46C1275B3FC900923DE1 /* Release */,
			);
			defaultConfigurationIsVisible = 0;
			defaultConfigurationName = Release;
		};
/* End XCConfigurationList section */

/* Begin XCRemoteSwiftPackageReference section */
		B711EC632769BD7D005223A2 /* XCRemoteSwiftPackageReference "XCGLogger" */ = {
			isa = XCRemoteSwiftPackageReference;
			repositoryURL = "https://github.com/DaveWoodCom/XCGLogger.git";
			requirement = {
				kind = upToNextMajorVersion;
				minimumVersion = 7.0.0;
			};
		};
		B72509B3275DF43B00858384 /* XCRemoteSwiftPackageReference "GoogleSignIn-iOS" */ = {
			isa = XCRemoteSwiftPackageReference;
			repositoryURL = "https://github.com/google/GoogleSignIn-iOS";
			requirement = {
				kind = upToNextMajorVersion;
				minimumVersion = 6.0.0;
			};
		};
		B75B46C8275B493D00923DE1 /* XCRemoteSwiftPackageReference "firebase-ios-sdk" */ = {
			isa = XCRemoteSwiftPackageReference;
			repositoryURL = "https://github.com/firebase/firebase-ios-sdk.git";
			requirement = {
				kind = upToNextMajorVersion;
				minimumVersion = 8.10.0;
			};
		};
/* End XCRemoteSwiftPackageReference section */

/* Begin XCSwiftPackageProductDependency section */
		B711EC642769BD7E005223A2 /* XCGLogger */ = {
			isa = XCSwiftPackageProductDependency;
			package = B711EC632769BD7D005223A2 /* XCRemoteSwiftPackageReference "XCGLogger" */;
			productName = XCGLogger;
		};
		B72509B4275DF43C00858384 /* GoogleSignIn */ = {
			isa = XCSwiftPackageProductDependency;
			package = B72509B3275DF43B00858384 /* XCRemoteSwiftPackageReference "GoogleSignIn-iOS" */;
			productName = GoogleSignIn;
		};
		B75B46C9275B493D00923DE1 /* FirebaseAnalytics */ = {
			isa = XCSwiftPackageProductDependency;
			package = B75B46C8275B493D00923DE1 /* XCRemoteSwiftPackageReference "firebase-ios-sdk" */;
			productName = FirebaseAnalytics;
		};
		B75B46CB275B493D00923DE1 /* FirebaseAuth */ = {
			isa = XCSwiftPackageProductDependency;
			package = B75B46C8275B493D00923DE1 /* XCRemoteSwiftPackageReference "firebase-ios-sdk" */;
			productName = FirebaseAuth;
		};
		B75B46CD275B493D00923DE1 /* FirebaseFirestore */ = {
			isa = XCSwiftPackageProductDependency;
			package = B75B46C8275B493D00923DE1 /* XCRemoteSwiftPackageReference "firebase-ios-sdk" */;
			productName = FirebaseFirestore;
		};
		B7856B98277457A200A87DDA /* FirebaseAuthCombine-Community */ = {
			isa = XCSwiftPackageProductDependency;
			package = B75B46C8275B493D00923DE1 /* XCRemoteSwiftPackageReference "firebase-ios-sdk" */;
			productName = "FirebaseAuthCombine-Community";
		};
		B7856B9A277457A200A87DDA /* FirebaseFirestoreCombine-Community */ = {
			isa = XCSwiftPackageProductDependency;
			package = B75B46C8275B493D00923DE1 /* XCRemoteSwiftPackageReference "firebase-ios-sdk" */;
			productName = "FirebaseFirestoreCombine-Community";
		};
		B7856B9C277457AB00A87DDA /* FirebaseFirestoreSwift-Beta */ = {
			isa = XCSwiftPackageProductDependency;
			package = B75B46C8275B493D00923DE1 /* XCRemoteSwiftPackageReference "firebase-ios-sdk" */;
			productName = "FirebaseFirestoreSwift-Beta";
		};
/* End XCSwiftPackageProductDependency section */
	};
	rootObject = B75B4693275B3FC700923DE1 /* Project object */;
}
