// !$*UTF8*$!
{
	archiveVersion = 1;
	classes = {
	};
	objectVersion = 55;
	objects = {

/* Begin PBXBuildFile section */
		B704D66A284327FB00C7C874 /* PinsModelPinboard.swift in Sources */ = {isa = PBXBuildFile; fileRef = B704D669284327FB00C7C874 /* PinsModelPinboard.swift */; };
		B704D66C284334DE00C7C874 /* Tags.swift in Sources */ = {isa = PBXBuildFile; fileRef = B704D66B284334DE00C7C874 /* Tags.swift */; };
		B704D66E2843379400C7C874 /* PINBOARD_API_TOKEN.swift in Sources */ = {isa = PBXBuildFile; fileRef = B704D66D2843379400C7C874 /* PINBOARD_API_TOKEN.swift */; };
		B70C4E8B2793E7AB0010E119 /* personal in Resources */ = {isa = PBXBuildFile; fileRef = B70C4E8A2793E7AB0010E119 /* personal */; };
		B70C4E8D2793F6B70010E119 /* PinView.swift in Sources */ = {isa = PBXBuildFile; fileRef = B70C4E8C2793F6B70010E119 /* PinView.swift */; };
		B70C4E93279403530010E119 /* Down in Frameworks */ = {isa = PBXBuildFile; productRef = B70C4E92279403530010E119 /* Down */; };
		B70C4E9527953EE70010E119 /* WebView.swift in Sources */ = {isa = PBXBuildFile; fileRef = B70C4E9427953EE70010E119 /* WebView.swift */; };
		B711EC6027686C86005223A2 /* Util.swift in Sources */ = {isa = PBXBuildFile; fileRef = B711EC5F27686C86005223A2 /* Util.swift */; };
		B71EC965279D2B0100CE9472 /* FlexView.swift in Sources */ = {isa = PBXBuildFile; fileRef = B71EC964279D2B0100CE9472 /* FlexView.swift */; };
		B71EC967279D2B0B00CE9472 /* _FlexView.swift in Sources */ = {isa = PBXBuildFile; fileRef = B71EC966279D2B0B00CE9472 /* _FlexView.swift */; };
		B71EC969279D2B1400CE9472 /* SizeReader.swift in Sources */ = {isa = PBXBuildFile; fileRef = B71EC968279D2B1400CE9472 /* SizeReader.swift */; };
		B72509AC275DE50D00858384 /* Pin.swift in Sources */ = {isa = PBXBuildFile; fileRef = B72509AB275DE50D00858384 /* Pin.swift */; };
		B72509B0275DE68B00858384 /* PinsModelFirestore.swift in Sources */ = {isa = PBXBuildFile; fileRef = B72509AF275DE68B00858384 /* PinsModelFirestore.swift */; };
		B72509B5275DF43C00858384 /* GoogleSignIn in Frameworks */ = {isa = PBXBuildFile; productRef = B72509B4275DF43C00858384 /* GoogleSignIn */; };
		B72509B7275F2E0800858384 /* AuthService.swift in Sources */ = {isa = PBXBuildFile; fileRef = B72509B6275F2E0800858384 /* AuthService.swift */; };
		B72509BB275F2E3900858384 /* FirestoreService.swift in Sources */ = {isa = PBXBuildFile; fileRef = B72509BA275F2E3900858384 /* FirestoreService.swift */; };
		B72509BF275F2E4200858384 /* RootView.swift in Sources */ = {isa = PBXBuildFile; fileRef = B72509BE275F2E4200858384 /* RootView.swift */; };
		B72509C3275F2E8E00858384 /* LoginView.swift in Sources */ = {isa = PBXBuildFile; fileRef = B72509C2275F2E8E00858384 /* LoginView.swift */; };
		B727DDF127A517E100FF3242 /* PinEditView.swift in Sources */ = {isa = PBXBuildFile; fileRef = B727DDF027A517E100FF3242 /* PinEditView.swift */; };
		B72AB0EE2883C53C00E0289E /* ShareViewController.swift in Sources */ = {isa = PBXBuildFile; fileRef = B72AB0ED2883C53C00E0289E /* ShareViewController.swift */; };
		B72AB0F52883C53C00E0289E /* StacksShare.appex in Embed App Extensions */ = {isa = PBXBuildFile; fileRef = B72AB0EB2883C53C00E0289E /* StacksShare.appex */; settings = {ATTRIBUTES = (RemoveHeadersOnCopy, ); }; };
		B72AB1192884AE9600E0289E /* ShareView.swift in Sources */ = {isa = PBXBuildFile; fileRef = B72AB1182884AE9600E0289E /* ShareView.swift */; };
		B72AB11B2884AEEA00E0289E /* OrderedCollections in Frameworks */ = {isa = PBXBuildFile; productRef = B72AB11A2884AEEA00E0289E /* OrderedCollections */; };
		B72AB11C2884AEEF00E0289E /* CloudKit.framework in Frameworks */ = {isa = PBXBuildFile; fileRef = B7A7328B2817B5650011FACE /* CloudKit.framework */; };
		B72AB11D2884AF6E00E0289E /* Pin.swift in Sources */ = {isa = PBXBuildFile; fileRef = B72509AB275DE50D00858384 /* Pin.swift */; };
		B72AB11E2884AF7C00E0289E /* Util.swift in Sources */ = {isa = PBXBuildFile; fileRef = B711EC5F27686C86005223A2 /* Util.swift */; };
		B72AB1202884AFA200E0289E /* CorePin+Pin.swift in Sources */ = {isa = PBXBuildFile; fileRef = B72AB11F2884AFA200E0289E /* CorePin+Pin.swift */; };
		B72AB1222884AFE300E0289E /* PinView.swift in Sources */ = {isa = PBXBuildFile; fileRef = B70C4E8C2793F6B70010E119 /* PinView.swift */; };
		B72AB1232884AFEC00E0289E /* FlexView.swift in Sources */ = {isa = PBXBuildFile; fileRef = B71EC964279D2B0100CE9472 /* FlexView.swift */; };
		B72AB1242884AFEF00E0289E /* _FlexView.swift in Sources */ = {isa = PBXBuildFile; fileRef = B71EC966279D2B0B00CE9472 /* _FlexView.swift */; };
		B72AB1252884AFF200E0289E /* SizeReader.swift in Sources */ = {isa = PBXBuildFile; fileRef = B71EC968279D2B1400CE9472 /* SizeReader.swift */; };
		B72AB1262884B00000E0289E /* CloudKitSyncMonitor.swift in Sources */ = {isa = PBXBuildFile; fileRef = B76DCDA8287692FF0049EB14 /* CloudKitSyncMonitor.swift */; };
		B72AB1272884B00400E0289E /* NSPersistentContainer+CoreDataBackup.swift in Sources */ = {isa = PBXBuildFile; fileRef = B7EF27CF28793613008448AA /* NSPersistentContainer+CoreDataBackup.swift */; };
		B72AB1282884B01100E0289E /* DocumentPicker.swift in Sources */ = {isa = PBXBuildFile; fileRef = B7EF27D2287A988C008448AA /* DocumentPicker.swift */; };
		B72AB12A2884B01700E0289E /* AutoNavigationLink.swift in Sources */ = {isa = PBXBuildFile; fileRef = B79A4E1F27E8368300E7483B /* AutoNavigationLink.swift */; };
		B72AB12B2884B03300E0289E /* PinsModel.swift in Sources */ = {isa = PBXBuildFile; fileRef = B74E88A12844910C00DFF9FD /* PinsModel.swift */; };
		B72AB12C2884B03700E0289E /* Backup.swift in Sources */ = {isa = PBXBuildFile; fileRef = B7EF27D4287D203D008448AA /* Backup.swift */; };
		B72AB12D2884B04300E0289E /* StorageProvider.swift in Sources */ = {isa = PBXBuildFile; fileRef = B7A732902817BBCF0011FACE /* StorageProvider.swift */; };
		B72AB12E2884B05300E0289E /* Model.xcdatamodeld in Sources */ = {isa = PBXBuildFile; fileRef = B7A7328D2817B7AA0011FACE /* Model.xcdatamodeld */; };
		B72AB12F2884B06E00E0289E /* Tags.swift in Sources */ = {isa = PBXBuildFile; fileRef = B704D66B284334DE00C7C874 /* Tags.swift */; };
		B72AB1302884B07400E0289E /* PinDiff.swift in Sources */ = {isa = PBXBuildFile; fileRef = B74E889F2844828600DFF9FD /* PinDiff.swift */; };
		B72AB1312884B07700E0289E /* CorePin+Pin.swift in Sources */ = {isa = PBXBuildFile; fileRef = B72AB11F2884AFA200E0289E /* CorePin+Pin.swift */; };
		B72AB1322884B08600E0289E /* PinEditView.swift in Sources */ = {isa = PBXBuildFile; fileRef = B727DDF027A517E100FF3242 /* PinEditView.swift */; };
		B72AB1332884B09A00E0289E /* personal in Resources */ = {isa = PBXBuildFile; fileRef = B70C4E8A2793E7AB0010E119 /* personal */; };
		B72AB1342884B09F00E0289E /* Preview Assets.xcassets in Resources */ = {isa = PBXBuildFile; fileRef = B75B46A5275B3FC900923DE1 /* Preview Assets.xcassets */; };
		B72AB167288673DF00E0289E /* XCGLogger in Frameworks */ = {isa = PBXBuildFile; productRef = B72AB166288673DF00E0289E /* XCGLogger */; };
		B72AB169288673EE00E0289E /* XCGLogger in Frameworks */ = {isa = PBXBuildFile; productRef = B72AB168288673EE00E0289E /* XCGLogger */; };
		B74E88A02844828600DFF9FD /* PinDiff.swift in Sources */ = {isa = PBXBuildFile; fileRef = B74E889F2844828600DFF9FD /* PinDiff.swift */; };
		B74E88A22844910C00DFF9FD /* PinsModel.swift in Sources */ = {isa = PBXBuildFile; fileRef = B74E88A12844910C00DFF9FD /* PinsModel.swift */; };
		B75B469F275B3FC700923DE1 /* AppMain.swift in Sources */ = {isa = PBXBuildFile; fileRef = B75B469E275B3FC700923DE1 /* AppMain.swift */; };
		B75B46A1275B3FC700923DE1 /* PinListView.swift in Sources */ = {isa = PBXBuildFile; fileRef = B75B46A0275B3FC700923DE1 /* PinListView.swift */; };
		B75B46A3275B3FC900923DE1 /* Assets.xcassets in Resources */ = {isa = PBXBuildFile; fileRef = B75B46A2275B3FC900923DE1 /* Assets.xcassets */; };
		B75B46A6275B3FC900923DE1 /* Preview Assets.xcassets in Resources */ = {isa = PBXBuildFile; fileRef = B75B46A5275B3FC900923DE1 /* Preview Assets.xcassets */; };
		B75B46CA275B493D00923DE1 /* FirebaseAnalytics in Frameworks */ = {isa = PBXBuildFile; productRef = B75B46C9275B493D00923DE1 /* FirebaseAnalytics */; };
		B75B46CC275B493D00923DE1 /* FirebaseAuth in Frameworks */ = {isa = PBXBuildFile; productRef = B75B46CB275B493D00923DE1 /* FirebaseAuth */; };
		B75B46CE275B493D00923DE1 /* FirebaseFirestore in Frameworks */ = {isa = PBXBuildFile; productRef = B75B46CD275B493D00923DE1 /* FirebaseFirestore */; };
		B76DCDA9287692FF0049EB14 /* CloudKitSyncMonitor.swift in Sources */ = {isa = PBXBuildFile; fileRef = B76DCDA8287692FF0049EB14 /* CloudKitSyncMonitor.swift */; };
		B76DCDAC2877E57B0049EB14 /* OrderedCollections in Frameworks */ = {isa = PBXBuildFile; productRef = B76DCDAB2877E57B0049EB14 /* OrderedCollections */; };
		B7777A3A279616B600372937 /* ReaderView.swift in Sources */ = {isa = PBXBuildFile; fileRef = B7777A39279616B600372937 /* ReaderView.swift */; };
		B7856B9627704C3400A87DDA /* User.swift in Sources */ = {isa = PBXBuildFile; fileRef = B7856B9527704C3400A87DDA /* User.swift */; };
		B7856B99277457A200A87DDA /* FirebaseAuthCombine-Community in Frameworks */ = {isa = PBXBuildFile; productRef = B7856B98277457A200A87DDA /* FirebaseAuthCombine-Community */; };
		B7856B9B277457A200A87DDA /* FirebaseFirestoreCombine-Community in Frameworks */ = {isa = PBXBuildFile; productRef = B7856B9A277457A200A87DDA /* FirebaseFirestoreCombine-Community */; };
		B7856B9D277457AB00A87DDA /* FirebaseFirestoreSwift-Beta in Frameworks */ = {isa = PBXBuildFile; productRef = B7856B9C277457AB00A87DDA /* FirebaseFirestoreSwift-Beta */; };
		B79A4E2027E8368300E7483B /* AutoNavigationLink.swift in Sources */ = {isa = PBXBuildFile; fileRef = B79A4E1F27E8368300E7483B /* AutoNavigationLink.swift */; };
		B7A7328C2817B5650011FACE /* CloudKit.framework in Frameworks */ = {isa = PBXBuildFile; fileRef = B7A7328B2817B5650011FACE /* CloudKit.framework */; };
		B7A7328F2817B7AA0011FACE /* Model.xcdatamodeld in Sources */ = {isa = PBXBuildFile; fileRef = B7A7328D2817B7AA0011FACE /* Model.xcdatamodeld */; };
		B7A732912817BBCF0011FACE /* StorageProvider.swift in Sources */ = {isa = PBXBuildFile; fileRef = B7A732902817BBCF0011FACE /* StorageProvider.swift */; };
		B7A732932817C4930011FACE /* GoogleService-Info.plist in Resources */ = {isa = PBXBuildFile; fileRef = B7A732922817C4930011FACE /* GoogleService-Info.plist */; };
		B7EF27D028793613008448AA /* NSPersistentContainer+CoreDataBackup.swift in Sources */ = {isa = PBXBuildFile; fileRef = B7EF27CF28793613008448AA /* NSPersistentContainer+CoreDataBackup.swift */; };
		B7EF27D3287A988C008448AA /* DocumentPicker.swift in Sources */ = {isa = PBXBuildFile; fileRef = B7EF27D2287A988C008448AA /* DocumentPicker.swift */; };
		B7EF27D5287D203D008448AA /* Backup.swift in Sources */ = {isa = PBXBuildFile; fileRef = B7EF27D4287D203D008448AA /* Backup.swift */; };
/* End PBXBuildFile section */

/* Begin PBXContainerItemProxy section */
		B72AB0F32883C53C00E0289E /* PBXContainerItemProxy */ = {
			isa = PBXContainerItemProxy;
			containerPortal = B75B4693275B3FC700923DE1 /* Project object */;
			proxyType = 1;
			remoteGlobalIDString = B72AB0EA2883C53C00E0289E;
			remoteInfo = StacksShare;
		};
/* End PBXContainerItemProxy section */

/* Begin PBXCopyFilesBuildPhase section */
		B72AB0F62883C53C00E0289E /* Embed App Extensions */ = {
			isa = PBXCopyFilesBuildPhase;
			buildActionMask = 2147483647;
			dstPath = "";
			dstSubfolderSpec = 13;
			files = (
				B72AB0F52883C53C00E0289E /* StacksShare.appex in Embed App Extensions */,
			);
			name = "Embed App Extensions";
			runOnlyForDeploymentPostprocessing = 0;
		};
/* End PBXCopyFilesBuildPhase section */

/* Begin PBXFileReference section */
		B704D669284327FB00C7C874 /* PinsModelPinboard.swift */ = {isa = PBXFileReference; lastKnownFileType = sourcecode.swift; path = PinsModelPinboard.swift; sourceTree = "<group>"; };
		B704D66B284334DE00C7C874 /* Tags.swift */ = {isa = PBXFileReference; lastKnownFileType = sourcecode.swift; path = Tags.swift; sourceTree = "<group>"; };
		B704D66D2843379400C7C874 /* PINBOARD_API_TOKEN.swift */ = {isa = PBXFileReference; lastKnownFileType = sourcecode.swift; path = PINBOARD_API_TOKEN.swift; sourceTree = "<group>"; };
		B70C4E8A2793E7AB0010E119 /* personal */ = {isa = PBXFileReference; lastKnownFileType = folder; name = personal; path = "../../../stacks/Stacks/Preview Content/personal"; sourceTree = "<group>"; };
		B70C4E8C2793F6B70010E119 /* PinView.swift */ = {isa = PBXFileReference; lastKnownFileType = sourcecode.swift; path = PinView.swift; sourceTree = "<group>"; };
		B70C4E9427953EE70010E119 /* WebView.swift */ = {isa = PBXFileReference; lastKnownFileType = sourcecode.swift; path = WebView.swift; sourceTree = "<group>"; };
		B711EC5F27686C86005223A2 /* Util.swift */ = {isa = PBXFileReference; lastKnownFileType = sourcecode.swift; path = Util.swift; sourceTree = "<group>"; };
		B71EC964279D2B0100CE9472 /* FlexView.swift */ = {isa = PBXFileReference; lastKnownFileType = sourcecode.swift; path = FlexView.swift; sourceTree = "<group>"; };
		B71EC966279D2B0B00CE9472 /* _FlexView.swift */ = {isa = PBXFileReference; lastKnownFileType = sourcecode.swift; path = _FlexView.swift; sourceTree = "<group>"; };
		B71EC968279D2B1400CE9472 /* SizeReader.swift */ = {isa = PBXFileReference; lastKnownFileType = sourcecode.swift; path = SizeReader.swift; sourceTree = "<group>"; };
		B72509AB275DE50D00858384 /* Pin.swift */ = {isa = PBXFileReference; lastKnownFileType = sourcecode.swift; path = Pin.swift; sourceTree = "<group>"; };
		B72509AF275DE68B00858384 /* PinsModelFirestore.swift */ = {isa = PBXFileReference; lastKnownFileType = sourcecode.swift; path = PinsModelFirestore.swift; sourceTree = "<group>"; };
		B72509B6275F2E0800858384 /* AuthService.swift */ = {isa = PBXFileReference; lastKnownFileType = sourcecode.swift; path = AuthService.swift; sourceTree = "<group>"; };
		B72509BA275F2E3900858384 /* FirestoreService.swift */ = {isa = PBXFileReference; lastKnownFileType = sourcecode.swift; path = FirestoreService.swift; sourceTree = "<group>"; };
		B72509BE275F2E4200858384 /* RootView.swift */ = {isa = PBXFileReference; lastKnownFileType = sourcecode.swift; path = RootView.swift; sourceTree = "<group>"; };
		B72509C2275F2E8E00858384 /* LoginView.swift */ = {isa = PBXFileReference; lastKnownFileType = sourcecode.swift; path = LoginView.swift; sourceTree = "<group>"; };
		B72509C927607F0E00858384 /* Info.plist */ = {isa = PBXFileReference; lastKnownFileType = text.plist; path = Info.plist; sourceTree = "<group>"; };
		B727DDF027A517E100FF3242 /* PinEditView.swift */ = {isa = PBXFileReference; lastKnownFileType = sourcecode.swift; path = PinEditView.swift; sourceTree = "<group>"; };
		B72AB0EB2883C53C00E0289E /* StacksShare.appex */ = {isa = PBXFileReference; explicitFileType = "wrapper.app-extension"; includeInIndex = 0; path = StacksShare.appex; sourceTree = BUILT_PRODUCTS_DIR; };
		B72AB0ED2883C53C00E0289E /* ShareViewController.swift */ = {isa = PBXFileReference; lastKnownFileType = sourcecode.swift; path = ShareViewController.swift; sourceTree = "<group>"; };
		B72AB0F22883C53C00E0289E /* Info.plist */ = {isa = PBXFileReference; lastKnownFileType = text.plist.xml; path = Info.plist; sourceTree = "<group>"; };
		B72AB1162884AAF800E0289E /* CloudKit.framework */ = {isa = PBXFileReference; lastKnownFileType = wrapper.framework; name = CloudKit.framework; path = Platforms/MacOSX.platform/Developer/SDKs/MacOSX12.3.sdk/System/Library/Frameworks/CloudKit.framework; sourceTree = DEVELOPER_DIR; };
		B72AB1182884AE9600E0289E /* ShareView.swift */ = {isa = PBXFileReference; lastKnownFileType = sourcecode.swift; path = ShareView.swift; sourceTree = "<group>"; };
		B72AB11F2884AFA200E0289E /* CorePin+Pin.swift */ = {isa = PBXFileReference; lastKnownFileType = sourcecode.swift; path = "CorePin+Pin.swift"; sourceTree = "<group>"; };
		B74E889F2844828600DFF9FD /* PinDiff.swift */ = {isa = PBXFileReference; lastKnownFileType = sourcecode.swift; path = PinDiff.swift; sourceTree = "<group>"; };
		B74E88A12844910C00DFF9FD /* PinsModel.swift */ = {isa = PBXFileReference; lastKnownFileType = sourcecode.swift; path = PinsModel.swift; sourceTree = "<group>"; };
		B75B469B275B3FC700923DE1 /* Stacks.app */ = {isa = PBXFileReference; explicitFileType = wrapper.application; includeInIndex = 0; path = Stacks.app; sourceTree = BUILT_PRODUCTS_DIR; };
		B75B469E275B3FC700923DE1 /* AppMain.swift */ = {isa = PBXFileReference; lastKnownFileType = sourcecode.swift; path = AppMain.swift; sourceTree = "<group>"; };
		B75B46A0275B3FC700923DE1 /* PinListView.swift */ = {isa = PBXFileReference; lastKnownFileType = sourcecode.swift; path = PinListView.swift; sourceTree = "<group>"; };
		B75B46A2275B3FC900923DE1 /* Assets.xcassets */ = {isa = PBXFileReference; lastKnownFileType = folder.assetcatalog; path = Assets.xcassets; sourceTree = "<group>"; };
		B75B46A5275B3FC900923DE1 /* Preview Assets.xcassets */ = {isa = PBXFileReference; lastKnownFileType = folder.assetcatalog; path = "Preview Assets.xcassets"; sourceTree = "<group>"; };
		B76DCDA8287692FF0049EB14 /* CloudKitSyncMonitor.swift */ = {isa = PBXFileReference; lastKnownFileType = sourcecode.swift; path = CloudKitSyncMonitor.swift; sourceTree = "<group>"; };
		B7777A3827960D9C00372937 /* Stacks.entitlements */ = {isa = PBXFileReference; lastKnownFileType = text.plist.entitlements; path = Stacks.entitlements; sourceTree = "<group>"; };
		B7777A39279616B600372937 /* ReaderView.swift */ = {isa = PBXFileReference; lastKnownFileType = sourcecode.swift; path = ReaderView.swift; sourceTree = "<group>"; };
		B7856B9527704C3400A87DDA /* User.swift */ = {isa = PBXFileReference; lastKnownFileType = sourcecode.swift; path = User.swift; sourceTree = "<group>"; };
		B79A4E1F27E8368300E7483B /* AutoNavigationLink.swift */ = {isa = PBXFileReference; lastKnownFileType = sourcecode.swift; path = AutoNavigationLink.swift; sourceTree = "<group>"; };
		B7A7328B2817B5650011FACE /* CloudKit.framework */ = {isa = PBXFileReference; lastKnownFileType = wrapper.framework; name = CloudKit.framework; path = System/Library/Frameworks/CloudKit.framework; sourceTree = SDKROOT; };
		B7A7328E2817B7AA0011FACE /* Model.xcdatamodel */ = {isa = PBXFileReference; lastKnownFileType = wrapper.xcdatamodel; path = Model.xcdatamodel; sourceTree = "<group>"; };
		B7A732902817BBCF0011FACE /* StorageProvider.swift */ = {isa = PBXFileReference; lastKnownFileType = sourcecode.swift; path = StorageProvider.swift; sourceTree = "<group>"; };
		B7A732922817C4930011FACE /* GoogleService-Info.plist */ = {isa = PBXFileReference; fileEncoding = 4; lastKnownFileType = text.plist.xml; path = "GoogleService-Info.plist"; sourceTree = "<group>"; };
		B7EF27CF28793613008448AA /* NSPersistentContainer+CoreDataBackup.swift */ = {isa = PBXFileReference; lastKnownFileType = sourcecode.swift; path = "NSPersistentContainer+CoreDataBackup.swift"; sourceTree = "<group>"; };
		B7EF27D2287A988C008448AA /* DocumentPicker.swift */ = {isa = PBXFileReference; lastKnownFileType = sourcecode.swift; path = DocumentPicker.swift; sourceTree = "<group>"; };
		B7EF27D4287D203D008448AA /* Backup.swift */ = {isa = PBXFileReference; lastKnownFileType = sourcecode.swift; path = Backup.swift; sourceTree = "<group>"; };
/* End PBXFileReference section */

/* Begin PBXFrameworksBuildPhase section */
		B72AB0E82883C53C00E0289E /* Frameworks */ = {
			isa = PBXFrameworksBuildPhase;
			buildActionMask = 2147483647;
			files = (
				B72AB11C2884AEEF00E0289E /* CloudKit.framework in Frameworks */,
				B72AB11B2884AEEA00E0289E /* OrderedCollections in Frameworks */,
				B72AB169288673EE00E0289E /* XCGLogger in Frameworks */,
			);
			runOnlyForDeploymentPostprocessing = 0;
		};
		B75B4698275B3FC700923DE1 /* Frameworks */ = {
			isa = PBXFrameworksBuildPhase;
			buildActionMask = 2147483647;
			files = (
				B76DCDAC2877E57B0049EB14 /* OrderedCollections in Frameworks */,
				B75B46CA275B493D00923DE1 /* FirebaseAnalytics in Frameworks */,
				B7856B99277457A200A87DDA /* FirebaseAuthCombine-Community in Frameworks */,
				B70C4E93279403530010E119 /* Down in Frameworks */,
				B72509B5275DF43C00858384 /* GoogleSignIn in Frameworks */,
				B75B46CC275B493D00923DE1 /* FirebaseAuth in Frameworks */,
				B7A7328C2817B5650011FACE /* CloudKit.framework in Frameworks */,
				B75B46CE275B493D00923DE1 /* FirebaseFirestore in Frameworks */,
				B7856B9D277457AB00A87DDA /* FirebaseFirestoreSwift-Beta in Frameworks */,
				B7856B9B277457A200A87DDA /* FirebaseFirestoreCombine-Community in Frameworks */,
				B72AB167288673DF00E0289E /* XCGLogger in Frameworks */,
			);
			runOnlyForDeploymentPostprocessing = 0;
		};
/* End PBXFrameworksBuildPhase section */

/* Begin PBXGroup section */
		B71EC963279D2AEE00CE9472 /* FlexView */ = {
			isa = PBXGroup;
			children = (
				B71EC964279D2B0100CE9472 /* FlexView.swift */,
				B71EC966279D2B0B00CE9472 /* _FlexView.swift */,
				B71EC968279D2B1400CE9472 /* SizeReader.swift */,
			);
			path = FlexView;
			sourceTree = "<group>";
		};
		B72AB0EC2883C53C00E0289E /* StacksShare */ = {
			isa = PBXGroup;
			children = (
				B72AB0F22883C53C00E0289E /* Info.plist */,
				B72AB0ED2883C53C00E0289E /* ShareViewController.swift */,
				B72AB1182884AE9600E0289E /* ShareView.swift */,
			);
			path = StacksShare;
			sourceTree = "<group>";
		};
		B74E88A32848697100DFF9FD /* views */ = {
			isa = PBXGroup;
			children = (
				B75B469E275B3FC700923DE1 /* AppMain.swift */,
				B72509C2275F2E8E00858384 /* LoginView.swift */,
				B7777A39279616B600372937 /* ReaderView.swift */,
				B727DDF027A517E100FF3242 /* PinEditView.swift */,
				B75B46A0275B3FC700923DE1 /* PinListView.swift */,
				B70C4E8C2793F6B70010E119 /* PinView.swift */,
				B72509BE275F2E4200858384 /* RootView.swift */,
				B70C4E9427953EE70010E119 /* WebView.swift */,
			);
			path = views;
			sourceTree = "<group>";
		};
		B74E88A428486A3700DFF9FD /* utils */ = {
			isa = PBXGroup;
			children = (
				B79A4E1F27E8368300E7483B /* AutoNavigationLink.swift */,
				B711EC5F27686C86005223A2 /* Util.swift */,
				B7EF27D4287D203D008448AA /* Backup.swift */,
			);
			path = utils;
			sourceTree = "<group>";
		};
		B74E88A528486A4700DFF9FD /* datatypes */ = {
			isa = PBXGroup;
			children = (
				B72509AB275DE50D00858384 /* Pin.swift */,
				B72AB11F2884AFA200E0289E /* CorePin+Pin.swift */,
				B74E889F2844828600DFF9FD /* PinDiff.swift */,
				B704D66B284334DE00C7C874 /* Tags.swift */,
				B7856B9527704C3400A87DDA /* User.swift */,
			);
			path = datatypes;
			sourceTree = "<group>";
		};
		B74E88A628486A8600DFF9FD /* services */ = {
			isa = PBXGroup;
			children = (
				B72509B6275F2E0800858384 /* AuthService.swift */,
				B72509BA275F2E3900858384 /* FirestoreService.swift */,
				B7A732902817BBCF0011FACE /* StorageProvider.swift */,
			);
			path = services;
			sourceTree = "<group>";
		};
		B74E88A728486AE300DFF9FD /* models */ = {
			isa = PBXGroup;
			children = (
				B72509AF275DE68B00858384 /* PinsModelFirestore.swift */,
				B74E88A12844910C00DFF9FD /* PinsModel.swift */,
				B704D669284327FB00C7C874 /* PinsModelPinboard.swift */,
			);
			path = models;
			sourceTree = "<group>";
		};
		B74E88A828486AFB00DFF9FD /* secrets */ = {
			isa = PBXGroup;
			children = (
				B704D66D2843379400C7C874 /* PINBOARD_API_TOKEN.swift */,
			);
			path = secrets;
			sourceTree = "<group>";
		};
		B75B4692275B3FC700923DE1 = {
			isa = PBXGroup;
			children = (
				B7A732922817C4930011FACE /* GoogleService-Info.plist */,
				B75B469D275B3FC700923DE1 /* Stacks */,
				B72AB0EC2883C53C00E0289E /* StacksShare */,
				B75B469C275B3FC700923DE1 /* Products */,
				B7856B97277457A200A87DDA /* Frameworks */,
			);
			sourceTree = "<group>";
		};
		B75B469C275B3FC700923DE1 /* Products */ = {
			isa = PBXGroup;
			children = (
				B75B469B275B3FC700923DE1 /* Stacks.app */,
				B72AB0EB2883C53C00E0289E /* StacksShare.appex */,
			);
			name = Products;
			sourceTree = "<group>";
		};
		B75B469D275B3FC700923DE1 /* Stacks */ = {
			isa = PBXGroup;
			children = (
				B74E88A528486A4700DFF9FD /* datatypes */,
				B74E88A728486AE300DFF9FD /* models */,
				B74E88A828486AFB00DFF9FD /* secrets */,
				B74E88A628486A8600DFF9FD /* services */,
				B74E88A428486A3700DFF9FD /* utils */,
				B7EF27CD287935A3008448AA /* vendor */,
				B74E88A32848697100DFF9FD /* views */,
				B75B46A2275B3FC900923DE1 /* Assets.xcassets */,
				B72509C927607F0E00858384 /* Info.plist */,
				B7A7328D2817B7AA0011FACE /* Model.xcdatamodeld */,
				B7777A3827960D9C00372937 /* Stacks.entitlements */,
				B75B46A4275B3FC900923DE1 /* Preview Content */,
			);
			path = Stacks;
			sourceTree = "<group>";
		};
		B75B46A4275B3FC900923DE1 /* Preview Content */ = {
			isa = PBXGroup;
			children = (
				B70C4E8A2793E7AB0010E119 /* personal */,
				B75B46A5275B3FC900923DE1 /* Preview Assets.xcassets */,
			);
			path = "Preview Content";
			sourceTree = "<group>";
		};
		B76DCDA7287692E50049EB14 /* CloudKitSyncMonitor */ = {
			isa = PBXGroup;
			children = (
				B76DCDA8287692FF0049EB14 /* CloudKitSyncMonitor.swift */,
			);
			path = CloudKitSyncMonitor;
			sourceTree = "<group>";
		};
		B7856B97277457A200A87DDA /* Frameworks */ = {
			isa = PBXGroup;
			children = (
				B72AB1162884AAF800E0289E /* CloudKit.framework */,
				B7A7328B2817B5650011FACE /* CloudKit.framework */,
			);
			name = Frameworks;
			sourceTree = "<group>";
		};
		B7EF27CD287935A3008448AA /* vendor */ = {
			isa = PBXGroup;
			children = (
				B7EF27D1287A9881008448AA /* DocumentPicker */,
				B7EF27CE287935E5008448AA /* CoreDataBackup */,
				B76DCDA7287692E50049EB14 /* CloudKitSyncMonitor */,
				B71EC963279D2AEE00CE9472 /* FlexView */,
			);
			path = vendor;
			sourceTree = "<group>";
		};
		B7EF27CE287935E5008448AA /* CoreDataBackup */ = {
			isa = PBXGroup;
			children = (
				B7EF27CF28793613008448AA /* NSPersistentContainer+CoreDataBackup.swift */,
			);
			path = CoreDataBackup;
			sourceTree = "<group>";
		};
		B7EF27D1287A9881008448AA /* DocumentPicker */ = {
			isa = PBXGroup;
			children = (
				B7EF27D2287A988C008448AA /* DocumentPicker.swift */,
			);
			path = DocumentPicker;
			sourceTree = "<group>";
		};
/* End PBXGroup section */

/* Begin PBXNativeTarget section */
		B72AB0EA2883C53C00E0289E /* StacksShare */ = {
			isa = PBXNativeTarget;
			buildConfigurationList = B72AB0F92883C53C00E0289E /* Build configuration list for PBXNativeTarget "StacksShare" */;
			buildPhases = (
				B72AB0E72883C53C00E0289E /* Sources */,
				B72AB0E82883C53C00E0289E /* Frameworks */,
				B72AB0E92883C53C00E0289E /* Resources */,
			);
			buildRules = (
			);
			dependencies = (
			);
			name = StacksShare;
			packageProductDependencies = (
				B72AB11A2884AEEA00E0289E /* OrderedCollections */,
				B72AB168288673EE00E0289E /* XCGLogger */,
			);
			productName = StacksShare;
			productReference = B72AB0EB2883C53C00E0289E /* StacksShare.appex */;
			productType = "com.apple.product-type.app-extension";
		};
		B75B469A275B3FC700923DE1 /* Stacks */ = {
			isa = PBXNativeTarget;
			buildConfigurationList = B75B46BF275B3FC900923DE1 /* Build configuration list for PBXNativeTarget "Stacks" */;
			buildPhases = (
				B75B4697275B3FC700923DE1 /* Sources */,
				B75B4698275B3FC700923DE1 /* Frameworks */,
				B75B4699275B3FC700923DE1 /* Resources */,
				B72AB0F62883C53C00E0289E /* Embed App Extensions */,
			);
			buildRules = (
			);
			dependencies = (
				B72AB0F42883C53C00E0289E /* PBXTargetDependency */,
			);
			name = Stacks;
			packageProductDependencies = (
				B75B46C9275B493D00923DE1 /* FirebaseAnalytics */,
				B75B46CB275B493D00923DE1 /* FirebaseAuth */,
				B75B46CD275B493D00923DE1 /* FirebaseFirestore */,
				B72509B4275DF43C00858384 /* GoogleSignIn */,
				B7856B98277457A200A87DDA /* FirebaseAuthCombine-Community */,
				B7856B9A277457A200A87DDA /* FirebaseFirestoreCombine-Community */,
				B7856B9C277457AB00A87DDA /* FirebaseFirestoreSwift-Beta */,
				B70C4E92279403530010E119 /* Down */,
				B76DCDAB2877E57B0049EB14 /* OrderedCollections */,
				B72AB166288673DF00E0289E /* XCGLogger */,
			);
			productName = Stacks;
			productReference = B75B469B275B3FC700923DE1 /* Stacks.app */;
			productType = "com.apple.product-type.application";
		};
/* End PBXNativeTarget section */

/* Begin PBXProject section */
		B75B4693275B3FC700923DE1 /* Project object */ = {
			isa = PBXProject;
			attributes = {
				BuildIndependentTargetsInParallel = 1;
				LastSwiftUpdateCheck = 1340;
				LastUpgradeCheck = 1310;
				TargetAttributes = {
					B72AB0EA2883C53C00E0289E = {
						CreatedOnToolsVersion = 13.4.1;
					};
					B75B469A275B3FC700923DE1 = {
						CreatedOnToolsVersion = 13.1;
					};
				};
			};
			buildConfigurationList = B75B4696275B3FC700923DE1 /* Build configuration list for PBXProject "Stacks" */;
			compatibilityVersion = "Xcode 13.0";
			developmentRegion = en;
			hasScannedForEncodings = 0;
			knownRegions = (
				en,
				Base,
			);
			mainGroup = B75B4692275B3FC700923DE1;
			packageReferences = (
				B75B46C8275B493D00923DE1 /* XCRemoteSwiftPackageReference "firebase-ios-sdk" */,
				B72509B3275DF43B00858384 /* XCRemoteSwiftPackageReference "GoogleSignIn-iOS" */,
				B70C4E91279403530010E119 /* XCRemoteSwiftPackageReference "Down" */,
				B76DCDAA2877E57B0049EB14 /* XCRemoteSwiftPackageReference "swift-collections" */,
				B72AB165288673DF00E0289E /* XCRemoteSwiftPackageReference "XCGLogger" */,
			);
			productRefGroup = B75B469C275B3FC700923DE1 /* Products */;
			projectDirPath = "";
			projectRoot = "";
			targets = (
				B75B469A275B3FC700923DE1 /* Stacks */,
				B72AB0EA2883C53C00E0289E /* StacksShare */,
			);
		};
/* End PBXProject section */

/* Begin PBXResourcesBuildPhase section */
		B72AB0E92883C53C00E0289E /* Resources */ = {
			isa = PBXResourcesBuildPhase;
			buildActionMask = 2147483647;
			files = (
				B72AB1342884B09F00E0289E /* Preview Assets.xcassets in Resources */,
				B72AB1332884B09A00E0289E /* personal in Resources */,
			);
			runOnlyForDeploymentPostprocessing = 0;
		};
		B75B4699275B3FC700923DE1 /* Resources */ = {
			isa = PBXResourcesBuildPhase;
			buildActionMask = 2147483647;
			files = (
				B70C4E8B2793E7AB0010E119 /* personal in Resources */,
				B75B46A6275B3FC900923DE1 /* Preview Assets.xcassets in Resources */,
				B7A732932817C4930011FACE /* GoogleService-Info.plist in Resources */,
				B75B46A3275B3FC900923DE1 /* Assets.xcassets in Resources */,
			);
			runOnlyForDeploymentPostprocessing = 0;
		};
/* End PBXResourcesBuildPhase section */

/* Begin PBXSourcesBuildPhase section */
		B72AB0E72883C53C00E0289E /* Sources */ = {
			isa = PBXSourcesBuildPhase;
			buildActionMask = 2147483647;
			files = (
				B72AB1222884AFE300E0289E /* PinView.swift in Sources */,
				B72AB12C2884B03700E0289E /* Backup.swift in Sources */,
				B72AB12B2884B03300E0289E /* PinsModel.swift in Sources */,
				B72AB1282884B01100E0289E /* DocumentPicker.swift in Sources */,
				B72AB1322884B08600E0289E /* PinEditView.swift in Sources */,
				B72AB12D2884B04300E0289E /* StorageProvider.swift in Sources */,
				B72AB1252884AFF200E0289E /* SizeReader.swift in Sources */,
				B72AB1232884AFEC00E0289E /* FlexView.swift in Sources */,
				B72AB1312884B07700E0289E /* CorePin+Pin.swift in Sources */,
				B72AB11D2884AF6E00E0289E /* Pin.swift in Sources */,
				B72AB1192884AE9600E0289E /* ShareView.swift in Sources */,
				B72AB12A2884B01700E0289E /* AutoNavigationLink.swift in Sources */,
				B72AB1302884B07400E0289E /* PinDiff.swift in Sources */,
				B72AB12F2884B06E00E0289E /* Tags.swift in Sources */,
				B72AB1242884AFEF00E0289E /* _FlexView.swift in Sources */,
				B72AB12E2884B05300E0289E /* Model.xcdatamodeld in Sources */,
				B72AB1272884B00400E0289E /* NSPersistentContainer+CoreDataBackup.swift in Sources */,
				B72AB0EE2883C53C00E0289E /* ShareViewController.swift in Sources */,
				B72AB11E2884AF7C00E0289E /* Util.swift in Sources */,
				B72AB1262884B00000E0289E /* CloudKitSyncMonitor.swift in Sources */,
			);
			runOnlyForDeploymentPostprocessing = 0;
		};
		B75B4697275B3FC700923DE1 /* Sources */ = {
			isa = PBXSourcesBuildPhase;
			buildActionMask = 2147483647;
			files = (
				B72AB1202884AFA200E0289E /* CorePin+Pin.swift in Sources */,
				B79A4E2027E8368300E7483B /* AutoNavigationLink.swift in Sources */,
				B7777A3A279616B600372937 /* ReaderView.swift in Sources */,
				B704D66C284334DE00C7C874 /* Tags.swift in Sources */,
				B727DDF127A517E100FF3242 /* PinEditView.swift in Sources */,
				B71EC965279D2B0100CE9472 /* FlexView.swift in Sources */,
				B72509B7275F2E0800858384 /* AuthService.swift in Sources */,
				B711EC6027686C86005223A2 /* Util.swift in Sources */,
				B7EF27D028793613008448AA /* NSPersistentContainer+CoreDataBackup.swift in Sources */,
				B72509BB275F2E3900858384 /* FirestoreService.swift in Sources */,
				B72509B0275DE68B00858384 /* PinsModelFirestore.swift in Sources */,
				B7EF27D5287D203D008448AA /* Backup.swift in Sources */,
				B72509AC275DE50D00858384 /* Pin.swift in Sources */,
				B72509BF275F2E4200858384 /* RootView.swift in Sources */,
				B7EF27D3287A988C008448AA /* DocumentPicker.swift in Sources */,
				B75B46A1275B3FC700923DE1 /* PinListView.swift in Sources */,
				B71EC969279D2B1400CE9472 /* SizeReader.swift in Sources */,
				B71EC967279D2B0B00CE9472 /* _FlexView.swift in Sources */,
				B7856B9627704C3400A87DDA /* User.swift in Sources */,
				B70C4E8D2793F6B70010E119 /* PinView.swift in Sources */,
				B74E88A02844828600DFF9FD /* PinDiff.swift in Sources */,
				B70C4E9527953EE70010E119 /* WebView.swift in Sources */,
				B72509C3275F2E8E00858384 /* LoginView.swift in Sources */,
				B7A7328F2817B7AA0011FACE /* Model.xcdatamodeld in Sources */,
				B704D66A284327FB00C7C874 /* PinsModelPinboard.swift in Sources */,
				B75B469F275B3FC700923DE1 /* AppMain.swift in Sources */,
				B704D66E2843379400C7C874 /* PINBOARD_API_TOKEN.swift in Sources */,
				B76DCDA9287692FF0049EB14 /* CloudKitSyncMonitor.swift in Sources */,
				B74E88A22844910C00DFF9FD /* PinsModel.swift in Sources */,
				B7A732912817BBCF0011FACE /* StorageProvider.swift in Sources */,
			);
			runOnlyForDeploymentPostprocessing = 0;
		};
/* End PBXSourcesBuildPhase section */

/* Begin PBXTargetDependency section */
		B72AB0F42883C53C00E0289E /* PBXTargetDependency */ = {
			isa = PBXTargetDependency;
			target = B72AB0EA2883C53C00E0289E /* StacksShare */;
			targetProxy = B72AB0F32883C53C00E0289E /* PBXContainerItemProxy */;
		};
/* End PBXTargetDependency section */

/* Begin XCBuildConfiguration section */
		B72AB0F72883C53C00E0289E /* Debug */ = {
			isa = XCBuildConfiguration;
			buildSettings = {
				CODE_SIGN_STYLE = Automatic;
				CURRENT_PROJECT_VERSION = 1;
				DEVELOPMENT_TEAM = 6S8S88RYPG;
				GENERATE_INFOPLIST_FILE = YES;
				INFOPLIST_FILE = StacksShare/Info.plist;
				INFOPLIST_KEY_CFBundleDisplayName = StacksShare;
				INFOPLIST_KEY_NSHumanReadableCopyright = "";
				IPHONEOS_DEPLOYMENT_TARGET = 15.5;
				LD_RUNPATH_SEARCH_PATHS = (
					"$(inherited)",
					"@executable_path/Frameworks",
					"@executable_path/../../Frameworks",
				);
				MARKETING_VERSION = 1.0;
				PRODUCT_BUNDLE_IDENTIFIER = org.jdanbrown.stacks.StacksShare;
				PRODUCT_NAME = "$(TARGET_NAME)";
				SKIP_INSTALL = YES;
				SWIFT_EMIT_LOC_STRINGS = YES;
				SWIFT_VERSION = 5.0;
				TARGETED_DEVICE_FAMILY = "1,2";
			};
			name = Debug;
		};
		B72AB0F82883C53C00E0289E /* Release */ = {
			isa = XCBuildConfiguration;
			buildSettings = {
				CODE_SIGN_STYLE = Automatic;
				CURRENT_PROJECT_VERSION = 1;
				DEVELOPMENT_TEAM = 6S8S88RYPG;
				GENERATE_INFOPLIST_FILE = YES;
				INFOPLIST_FILE = StacksShare/Info.plist;
				INFOPLIST_KEY_CFBundleDisplayName = StacksShare;
				INFOPLIST_KEY_NSHumanReadableCopyright = "";
				IPHONEOS_DEPLOYMENT_TARGET = 15.5;
				LD_RUNPATH_SEARCH_PATHS = (
					"$(inherited)",
					"@executable_path/Frameworks",
					"@executable_path/../../Frameworks",
				);
				MARKETING_VERSION = 1.0;
				PRODUCT_BUNDLE_IDENTIFIER = org.jdanbrown.stacks.StacksShare;
				PRODUCT_NAME = "$(TARGET_NAME)";
				SKIP_INSTALL = YES;
				SWIFT_EMIT_LOC_STRINGS = YES;
				SWIFT_VERSION = 5.0;
				TARGETED_DEVICE_FAMILY = "1,2";
			};
			name = Release;
		};
		B75B46BD275B3FC900923DE1 /* Debug */ = {
			isa = XCBuildConfiguration;
			buildSettings = {
				ALWAYS_SEARCH_USER_PATHS = NO;
				CLANG_ANALYZER_NONNULL = YES;
				CLANG_ANALYZER_NUMBER_OBJECT_CONVERSION = YES_AGGRESSIVE;
				CLANG_CXX_LANGUAGE_STANDARD = "gnu++17";
				CLANG_CXX_LIBRARY = "libc++";
				CLANG_ENABLE_MODULES = YES;
				CLANG_ENABLE_OBJC_ARC = YES;
				CLANG_ENABLE_OBJC_WEAK = YES;
				CLANG_WARN_BLOCK_CAPTURE_AUTORELEASING = YES;
				CLANG_WARN_BOOL_CONVERSION = YES;
				CLANG_WARN_COMMA = YES;
				CLANG_WARN_CONSTANT_CONVERSION = YES;
				CLANG_WARN_DEPRECATED_OBJC_IMPLEMENTATIONS = YES;
				CLANG_WARN_DIRECT_OBJC_ISA_USAGE = YES_ERROR;
				CLANG_WARN_DOCUMENTATION_COMMENTS = YES;
				CLANG_WARN_EMPTY_BODY = YES;
				CLANG_WARN_ENUM_CONVERSION = YES;
				CLANG_WARN_INFINITE_RECURSION = YES;
				CLANG_WARN_INT_CONVERSION = YES;
				CLANG_WARN_NON_LITERAL_NULL_CONVERSION = YES;
				CLANG_WARN_OBJC_IMPLICIT_RETAIN_SELF = YES;
				CLANG_WARN_OBJC_LITERAL_CONVERSION = YES;
				CLANG_WARN_OBJC_ROOT_CLASS = YES_ERROR;
				CLANG_WARN_QUOTED_INCLUDE_IN_FRAMEWORK_HEADER = YES;
				CLANG_WARN_RANGE_LOOP_ANALYSIS = YES;
				CLANG_WARN_STRICT_PROTOTYPES = YES;
				CLANG_WARN_SUSPICIOUS_MOVE = YES;
				CLANG_WARN_UNGUARDED_AVAILABILITY = YES_AGGRESSIVE;
				CLANG_WARN_UNREACHABLE_CODE = YES;
				CLANG_WARN__DUPLICATE_METHOD_MATCH = YES;
				COPY_PHASE_STRIP = NO;
				DEBUG_INFORMATION_FORMAT = dwarf;
				ENABLE_STRICT_OBJC_MSGSEND = YES;
				ENABLE_TESTABILITY = YES;
				GCC_C_LANGUAGE_STANDARD = gnu11;
				GCC_DYNAMIC_NO_PIC = NO;
				GCC_NO_COMMON_BLOCKS = YES;
				GCC_OPTIMIZATION_LEVEL = 0;
				GCC_PREPROCESSOR_DEFINITIONS = (
					"DEBUG=1",
					"$(inherited)",
				);
				GCC_WARN_64_TO_32_BIT_CONVERSION = YES;
				GCC_WARN_ABOUT_RETURN_TYPE = YES_ERROR;
				GCC_WARN_UNDECLARED_SELECTOR = YES;
				GCC_WARN_UNINITIALIZED_AUTOS = YES_AGGRESSIVE;
				GCC_WARN_UNUSED_FUNCTION = YES;
				GCC_WARN_UNUSED_VARIABLE = YES;
				IPHONEOS_DEPLOYMENT_TARGET = 15.0;
				MTL_ENABLE_DEBUG_INFO = INCLUDE_SOURCE;
				MTL_FAST_MATH = YES;
				ONLY_ACTIVE_ARCH = YES;
				SDKROOT = iphoneos;
				SWIFT_ACTIVE_COMPILATION_CONDITIONS = DEBUG;
				SWIFT_OPTIMIZATION_LEVEL = "-Onone";
			};
			name = Debug;
		};
		B75B46BE275B3FC900923DE1 /* Release */ = {
			isa = XCBuildConfiguration;
			buildSettings = {
				ALWAYS_SEARCH_USER_PATHS = NO;
				CLANG_ANALYZER_NONNULL = YES;
				CLANG_ANALYZER_NUMBER_OBJECT_CONVERSION = YES_AGGRESSIVE;
				CLANG_CXX_LANGUAGE_STANDARD = "gnu++17";
				CLANG_CXX_LIBRARY = "libc++";
				CLANG_ENABLE_MODULES = YES;
				CLANG_ENABLE_OBJC_ARC = YES;
				CLANG_ENABLE_OBJC_WEAK = YES;
				CLANG_WARN_BLOCK_CAPTURE_AUTORELEASING = YES;
				CLANG_WARN_BOOL_CONVERSION = YES;
				CLANG_WARN_COMMA = YES;
				CLANG_WARN_CONSTANT_CONVERSION = YES;
				CLANG_WARN_DEPRECATED_OBJC_IMPLEMENTATIONS = YES;
				CLANG_WARN_DIRECT_OBJC_ISA_USAGE = YES_ERROR;
				CLANG_WARN_DOCUMENTATION_COMMENTS = YES;
				CLANG_WARN_EMPTY_BODY = YES;
				CLANG_WARN_ENUM_CONVERSION = YES;
				CLANG_WARN_INFINITE_RECURSION = YES;
				CLANG_WARN_INT_CONVERSION = YES;
				CLANG_WARN_NON_LITERAL_NULL_CONVERSION = YES;
				CLANG_WARN_OBJC_IMPLICIT_RETAIN_SELF = YES;
				CLANG_WARN_OBJC_LITERAL_CONVERSION = YES;
				CLANG_WARN_OBJC_ROOT_CLASS = YES_ERROR;
				CLANG_WARN_QUOTED_INCLUDE_IN_FRAMEWORK_HEADER = YES;
				CLANG_WARN_RANGE_LOOP_ANALYSIS = YES;
				CLANG_WARN_STRICT_PROTOTYPES = YES;
				CLANG_WARN_SUSPICIOUS_MOVE = YES;
				CLANG_WARN_UNGUARDED_AVAILABILITY = YES_AGGRESSIVE;
				CLANG_WARN_UNREACHABLE_CODE = YES;
				CLANG_WARN__DUPLICATE_METHOD_MATCH = YES;
				COPY_PHASE_STRIP = NO;
				DEBUG_INFORMATION_FORMAT = "dwarf-with-dsym";
				ENABLE_NS_ASSERTIONS = NO;
				ENABLE_STRICT_OBJC_MSGSEND = YES;
				GCC_C_LANGUAGE_STANDARD = gnu11;
				GCC_NO_COMMON_BLOCKS = YES;
				GCC_WARN_64_TO_32_BIT_CONVERSION = YES;
				GCC_WARN_ABOUT_RETURN_TYPE = YES_ERROR;
				GCC_WARN_UNDECLARED_SELECTOR = YES;
				GCC_WARN_UNINITIALIZED_AUTOS = YES_AGGRESSIVE;
				GCC_WARN_UNUSED_FUNCTION = YES;
				GCC_WARN_UNUSED_VARIABLE = YES;
				IPHONEOS_DEPLOYMENT_TARGET = 15.0;
				MTL_ENABLE_DEBUG_INFO = NO;
				MTL_FAST_MATH = YES;
				SDKROOT = iphoneos;
				SWIFT_COMPILATION_MODE = wholemodule;
				SWIFT_OPTIMIZATION_LEVEL = "-O";
				VALIDATE_PRODUCT = YES;
			};
			name = Release;
		};
		B75B46C0275B3FC900923DE1 /* Debug */ = {
			isa = XCBuildConfiguration;
			buildSettings = {
				ALWAYS_EMBED_SWIFT_STANDARD_LIBRARIES = YES;
				ASSETCATALOG_COMPILER_APPICON_NAME = AppIcon;
				ASSETCATALOG_COMPILER_GLOBAL_ACCENT_COLOR_NAME = AccentColor;
				CODE_SIGN_ENTITLEMENTS = Stacks/Stacks.entitlements;
				CODE_SIGN_STYLE = Automatic;
				CURRENT_PROJECT_VERSION = 1657951643;
				DEVELOPMENT_ASSET_PATHS = "\"Stacks/Preview Content\"";
				DEVELOPMENT_TEAM = 6S8S88RYPG;
				ENABLE_PREVIEWS = YES;
				GENERATE_INFOPLIST_FILE = YES;
				INFOPLIST_FILE = Stacks/Info.plist;
				INFOPLIST_KEY_CFBundleDisplayName = Stacks;
				INFOPLIST_KEY_UIApplicationSceneManifest_Generation = YES;
				INFOPLIST_KEY_UIApplicationSupportsIndirectInputEvents = YES;
				INFOPLIST_KEY_UILaunchScreen_Generation = YES;
				INFOPLIST_KEY_UISupportedInterfaceOrientations_iPad = "UIInterfaceOrientationPortrait UIInterfaceOrientationPortraitUpsideDown UIInterfaceOrientationLandscapeLeft UIInterfaceOrientationLandscapeRight";
				INFOPLIST_KEY_UISupportedInterfaceOrientations_iPhone = "UIInterfaceOrientationPortrait UIInterfaceOrientationLandscapeLeft UIInterfaceOrientationLandscapeRight";
				IPHONEOS_DEPLOYMENT_TARGET = 15.5;
				LD_RUNPATH_SEARCH_PATHS = (
					"$(inherited)",
					"@executable_path/Frameworks",
				);
				MARKETING_VERSION = 1.0;
				PRODUCT_BUNDLE_IDENTIFIER = org.jdanbrown.stacks;
				PRODUCT_NAME = "$(TARGET_NAME)";
				SWIFT_EMIT_LOC_STRINGS = YES;
				SWIFT_VERSION = 5.0;
				TARGETED_DEVICE_FAMILY = "1,2";
			};
			name = Debug;
		};
		B75B46C1275B3FC900923DE1 /* Release */ = {
			isa = XCBuildConfiguration;
			buildSettings = {
				ALWAYS_EMBED_SWIFT_STANDARD_LIBRARIES = YES;
				ASSETCATALOG_COMPILER_APPICON_NAME = AppIcon;
				ASSETCATALOG_COMPILER_GLOBAL_ACCENT_COLOR_NAME = AccentColor;
				CODE_SIGN_ENTITLEMENTS = Stacks/Stacks.entitlements;
				CODE_SIGN_STYLE = Automatic;
				CURRENT_PROJECT_VERSION = 1657951643;
				DEVELOPMENT_ASSET_PATHS = "\"Stacks/Preview Content\"";
				DEVELOPMENT_TEAM = 6S8S88RYPG;
				ENABLE_PREVIEWS = YES;
				GENERATE_INFOPLIST_FILE = YES;
				INFOPLIST_FILE = Stacks/Info.plist;
				INFOPLIST_KEY_CFBundleDisplayName = Stacks;
				INFOPLIST_KEY_UIApplicationSceneManifest_Generation = YES;
				INFOPLIST_KEY_UIApplicationSupportsIndirectInputEvents = YES;
				INFOPLIST_KEY_UILaunchScreen_Generation = YES;
				INFOPLIST_KEY_UISupportedInterfaceOrientations_iPad = "UIInterfaceOrientationPortrait UIInterfaceOrientationPortraitUpsideDown UIInterfaceOrientationLandscapeLeft UIInterfaceOrientationLandscapeRight";
				INFOPLIST_KEY_UISupportedInterfaceOrientations_iPhone = "UIInterfaceOrientationPortrait UIInterfaceOrientationLandscapeLeft UIInterfaceOrientationLandscapeRight";
				IPHONEOS_DEPLOYMENT_TARGET = 15.5;
				LD_RUNPATH_SEARCH_PATHS = (
					"$(inherited)",
					"@executable_path/Frameworks",
				);
				MARKETING_VERSION = 1.0;
				PRODUCT_BUNDLE_IDENTIFIER = org.jdanbrown.stacks;
				PRODUCT_NAME = "$(TARGET_NAME)";
				SWIFT_EMIT_LOC_STRINGS = YES;
				SWIFT_VERSION = 5.0;
				TARGETED_DEVICE_FAMILY = "1,2";
			};
			name = Release;
		};
/* End XCBuildConfiguration section */

/* Begin XCConfigurationList section */
		B72AB0F92883C53C00E0289E /* Build configuration list for PBXNativeTarget "StacksShare" */ = {
			isa = XCConfigurationList;
			buildConfigurations = (
				B72AB0F72883C53C00E0289E /* Debug */,
				B72AB0F82883C53C00E0289E /* Release */,
			);
			defaultConfigurationIsVisible = 0;
			defaultConfigurationName = Release;
		};
		B75B4696275B3FC700923DE1 /* Build configuration list for PBXProject "Stacks" */ = {
			isa = XCConfigurationList;
			buildConfigurations = (
				B75B46BD275B3FC900923DE1 /* Debug */,
				B75B46BE275B3FC900923DE1 /* Release */,
			);
			defaultConfigurationIsVisible = 0;
			defaultConfigurationName = Release;
		};
		B75B46BF275B3FC900923DE1 /* Build configuration list for PBXNativeTarget "Stacks" */ = {
			isa = XCConfigurationList;
			buildConfigurations = (
				B75B46C0275B3FC900923DE1 /* Debug */,
				B75B46C1275B3FC900923DE1 /* Release */,
			);
			defaultConfigurationIsVisible = 0;
			defaultConfigurationName = Release;
		};
/* End XCConfigurationList section */

/* Begin XCRemoteSwiftPackageReference section */
		B70C4E91279403530010E119 /* XCRemoteSwiftPackageReference "Down" */ = {
			isa = XCRemoteSwiftPackageReference;
			repositoryURL = "https://github.com/johnxnguyen/Down";
			requirement = {
				kind = upToNextMajorVersion;
				minimumVersion = 0.11.0;
			};
		};
		B72509B3275DF43B00858384 /* XCRemoteSwiftPackageReference "GoogleSignIn-iOS" */ = {
			isa = XCRemoteSwiftPackageReference;
			repositoryURL = "https://github.com/google/GoogleSignIn-iOS";
			requirement = {
				kind = upToNextMajorVersion;
				minimumVersion = 6.0.0;
			};
		};
		B72AB165288673DF00E0289E /* XCRemoteSwiftPackageReference "XCGLogger" */ = {
			isa = XCRemoteSwiftPackageReference;
			repositoryURL = "https://github.com/DaveWoodCom/XCGLogger.git";
			requirement = {
				kind = upToNextMajorVersion;
				minimumVersion = 7.0.0;
			};
		};
		B75B46C8275B493D00923DE1 /* XCRemoteSwiftPackageReference "firebase-ios-sdk" */ = {
			isa = XCRemoteSwiftPackageReference;
			repositoryURL = "https://github.com/firebase/firebase-ios-sdk.git";
			requirement = {
				kind = upToNextMajorVersion;
				minimumVersion = 8.10.0;
			};
		};
		B76DCDAA2877E57B0049EB14 /* XCRemoteSwiftPackageReference "swift-collections" */ = {
			isa = XCRemoteSwiftPackageReference;
			repositoryURL = "https://github.com/apple/swift-collections.git";
			requirement = {
				kind = upToNextMajorVersion;
				minimumVersion = 1.0.0;
			};
		};
/* End XCRemoteSwiftPackageReference section */

/* Begin XCSwiftPackageProductDependency section */
		B70C4E92279403530010E119 /* Down */ = {
			isa = XCSwiftPackageProductDependency;
			package = B70C4E91279403530010E119 /* XCRemoteSwiftPackageReference "Down" */;
			productName = Down;
		};
		B72509B4275DF43C00858384 /* GoogleSignIn */ = {
			isa = XCSwiftPackageProductDependency;
			package = B72509B3275DF43B00858384 /* XCRemoteSwiftPackageReference "GoogleSignIn-iOS" */;
			productName = GoogleSignIn;
		};
		B72AB11A2884AEEA00E0289E /* OrderedCollections */ = {
			isa = XCSwiftPackageProductDependency;
			package = B76DCDAA2877E57B0049EB14 /* XCRemoteSwiftPackageReference "swift-collections" */;
			productName = OrderedCollections;
		};
		B72AB166288673DF00E0289E /* XCGLogger */ = {
			isa = XCSwiftPackageProductDependency;
			package = B72AB165288673DF00E0289E /* XCRemoteSwiftPackageReference "XCGLogger" */;
			productName = XCGLogger;
		};
		B72AB168288673EE00E0289E /* XCGLogger */ = {
			isa = XCSwiftPackageProductDependency;
			package = B72AB165288673DF00E0289E /* XCRemoteSwiftPackageReference "XCGLogger" */;
			productName = XCGLogger;
		};
		B75B46C9275B493D00923DE1 /* FirebaseAnalytics */ = {
			isa = XCSwiftPackageProductDependency;
			package = B75B46C8275B493D00923DE1 /* XCRemoteSwiftPackageReference "firebase-ios-sdk" */;
			productName = FirebaseAnalytics;
		};
		B75B46CB275B493D00923DE1 /* FirebaseAuth */ = {
			isa = XCSwiftPackageProductDependency;
			package = B75B46C8275B493D00923DE1 /* XCRemoteSwiftPackageReference "firebase-ios-sdk" */;
			productName = FirebaseAuth;
		};
		B75B46CD275B493D00923DE1 /* FirebaseFirestore */ = {
			isa = XCSwiftPackageProductDependency;
			package = B75B46C8275B493D00923DE1 /* XCRemoteSwiftPackageReference "firebase-ios-sdk" */;
			productName = FirebaseFirestore;
		};
		B76DCDAB2877E57B0049EB14 /* OrderedCollections */ = {
			isa = XCSwiftPackageProductDependency;
			package = B76DCDAA2877E57B0049EB14 /* XCRemoteSwiftPackageReference "swift-collections" */;
			productName = OrderedCollections;
		};
		B7856B98277457A200A87DDA /* FirebaseAuthCombine-Community */ = {
			isa = XCSwiftPackageProductDependency;
			package = B75B46C8275B493D00923DE1 /* XCRemoteSwiftPackageReference "firebase-ios-sdk" */;
			productName = "FirebaseAuthCombine-Community";
		};
		B7856B9A277457A200A87DDA /* FirebaseFirestoreCombine-Community */ = {
			isa = XCSwiftPackageProductDependency;
			package = B75B46C8275B493D00923DE1 /* XCRemoteSwiftPackageReference "firebase-ios-sdk" */;
			productName = "FirebaseFirestoreCombine-Community";
		};
		B7856B9C277457AB00A87DDA /* FirebaseFirestoreSwift-Beta */ = {
			isa = XCSwiftPackageProductDependency;
			package = B75B46C8275B493D00923DE1 /* XCRemoteSwiftPackageReference "firebase-ios-sdk" */;
			productName = "FirebaseFirestoreSwift-Beta";
		};
/* End XCSwiftPackageProductDependency section */

/* Begin XCVersionGroup section */
		B7A7328D2817B7AA0011FACE /* Model.xcdatamodeld */ = {
			isa = XCVersionGroup;
			children = (
				B7A7328E2817B7AA0011FACE /* Model.xcdatamodel */,
			);
			currentVersion = B7A7328E2817B7AA0011FACE /* Model.xcdatamodel */;
			path = Model.xcdatamodeld;
			sourceTree = "<group>";
			versionGroupType = wrapper.xcdatamodel;
		};
/* End XCVersionGroup section */
	};
	rootObject = B75B4693275B3FC700923DE1 /* Project object */;
}
